
Microsoft Visual Studio Solution File, Format Version 12.00
# Visual Studio Version 17
VisualStudioVersion = 17.14.36401.2 d17.14
MinimumVisualStudioVersion = 10.0.40219.1
Project("{FAE04EC0-301F-11D3-BF4B-00C04F79EFBC}") = "Hospital", "Hospital.csproj", "{9102FF20-0DC6-45C7-A3F2-B13739361E45}"
EndProject
Global
	GlobalSection(SolutionConfigurationPlatforms) = preSolution
		Debug|Any CPU = Debug|Any CPU
		Release|Any CPU = Release|Any CPU
	EndGlobalSection
	GlobalSection(ProjectConfigurationPlatforms) = postSolution
		{9102FF20-0DC6-45C7-A3F2-B13739361E45}.Debug|Any CPU.ActiveCfg = Debug|Any CPU
		{9102FF20-0DC6-45C7-A3F2-B13739361E45}.Debug|Any CPU.Build.0 = Debug|Any CPU
		{9102FF20-0DC6-45C7-A3F2-B13739361E45}.Release|Any CPU.ActiveCfg = Release|Any CPU
		{9102FF20-0DC6-45C7-A3F2-B13739361E45}.Release|Any CPU.Build.0 = Release|Any CPU
	EndGlobalSection
	GlobalSection(SolutionProperties) = preSolution
		HideSolutionNode = FALSE
	EndGlobalSection
	GlobalSection(ExtensibilityGlobals) = postSolution
		SolutionGuid = {19078F92-F638-4FB3-B37D-6263A6B40069}
	EndGlobalSection
EndGlobal
